// !$*UTF8*$!
{
	archiveVersion = 1;
	classes = {
	};
	objectVersion = 55;
	objects = {

/* Begin PBXBuildFile section */
		C6098F38287B027100AF1CDD /* String+Extensions.swift in Sources */ = {isa = PBXBuildFile; fileRef = C6098F37287B027100AF1CDD /* String+Extensions.swift */; };
		C61DCD1D28770E79007E5EBE /* NetworkManger.swift in Sources */ = {isa = PBXBuildFile; fileRef = C61DCD1C28770E79007E5EBE /* NetworkManger.swift */; };
		C6301475286F11F900128576 /* AppDelegate.swift in Sources */ = {isa = PBXBuildFile; fileRef = C6301474286F11F900128576 /* AppDelegate.swift */; };
		C6301477286F11F900128576 /* SceneDelegate.swift in Sources */ = {isa = PBXBuildFile; fileRef = C6301476286F11F900128576 /* SceneDelegate.swift */; };
		C6301479286F11F900128576 /* RoomViewController.swift in Sources */ = {isa = PBXBuildFile; fileRef = C6301478286F11F900128576 /* RoomViewController.swift */; };
		C630147E286F11FB00128576 /* Assets.xcassets in Resources */ = {isa = PBXBuildFile; fileRef = C630147D286F11FB00128576 /* Assets.xcassets */; };
		C6301481286F11FB00128576 /* LaunchScreen.storyboard in Resources */ = {isa = PBXBuildFile; fileRef = C630147F286F11FB00128576 /* LaunchScreen.storyboard */; };
		C630148A286F126F00128576 /* AINS in Frameworks */ = {isa = PBXBuildFile; productRef = C6301489286F126F00128576 /* AINS */; };
		C630148C286F126F00128576 /* AV1Dec in Frameworks */ = {isa = PBXBuildFile; productRef = C630148B286F126F00128576 /* AV1Dec */; };
		C630148E286F126F00128576 /* ContentInspect in Frameworks */ = {isa = PBXBuildFile; productRef = C630148D286F126F00128576 /* ContentInspect */; };
		C6301490286F126F00128576 /* FullAudioFormat in Frameworks */ = {isa = PBXBuildFile; productRef = C630148F286F126F00128576 /* FullAudioFormat */; };
		C6301492286F126F00128576 /* ROIEnc in Frameworks */ = {isa = PBXBuildFile; productRef = C6301491286F126F00128576 /* ROIEnc */; };
		C6301494286F126F00128576 /* ReplayKit in Frameworks */ = {isa = PBXBuildFile; productRef = C6301493286F126F00128576 /* ReplayKit */; };
		C6301496286F126F00128576 /* RtcBasic in Frameworks */ = {isa = PBXBuildFile; productRef = C6301495286F126F00128576 /* RtcBasic */; };
		C6301498286F126F00128576 /* SpatialAudio in Frameworks */ = {isa = PBXBuildFile; productRef = C6301497286F126F00128576 /* SpatialAudio */; };
		C630149A286F126F00128576 /* SuperResolution in Frameworks */ = {isa = PBXBuildFile; productRef = C6301499286F126F00128576 /* SuperResolution */; };
		C630149C286F126F00128576 /* VideoPreprocess in Frameworks */ = {isa = PBXBuildFile; productRef = C630149B286F126F00128576 /* VideoPreprocess */; };
		C630149E286F126F00128576 /* VirtualBackground in Frameworks */ = {isa = PBXBuildFile; productRef = C630149D286F126F00128576 /* VirtualBackground */; };
		C634FE5328ABB934002E734B /* NVActivityIndicatorView in Frameworks */ = {isa = PBXBuildFile; productRef = C634FE5228ABB934002E734B /* NVActivityIndicatorView */; };
		C634FE5528AC2607002E734B /* SettingsModel.swift in Sources */ = {isa = PBXBuildFile; fileRef = C634FE5428AC2607002E734B /* SettingsModel.swift */; };
		C634FE5728AC2964002E734B /* SettingsTableViewCell.swift in Sources */ = {isa = PBXBuildFile; fileRef = C634FE5628AC2964002E734B /* SettingsTableViewCell.swift */; };
		C63804632882C7BC0028B6D5 /* LoadingViewController.swift in Sources */ = {isa = PBXBuildFile; fileRef = C63804622882C7BC0028B6D5 /* LoadingViewController.swift */; };
		C63905F12872583900AE11C5 /* FrameModel.swift in Sources */ = {isa = PBXBuildFile; fileRef = C63905F02872583900AE11C5 /* FrameModel.swift */; };
		C6561A8628873D1400F96160 /* Constants.swift in Sources */ = {isa = PBXBuildFile; fileRef = C6561A8528873D1400F96160 /* Constants.swift */; };
		C6561A8828873EE600F96160 /* RoomModel.swift in Sources */ = {isa = PBXBuildFile; fileRef = C6561A8728873EE600F96160 /* RoomModel.swift */; };
		C65F1FCB289075CE003DD331 /* LoginViewController.swift in Sources */ = {isa = PBXBuildFile; fileRef = C65F1FCA289075CE003DD331 /* LoginViewController.swift */; };
		C679630028942E4F003E179F /* UserModel.swift in Sources */ = {isa = PBXBuildFile; fileRef = C67962FF28942E4F003E179F /* UserModel.swift */; };
		C67F68362896CA9B005F1D67 /* KeyChain.swift in Sources */ = {isa = PBXBuildFile; fileRef = C67F68352896CA9B005F1D67 /* KeyChain.swift */; };
		C67FEF7528AD3A6100E53095 /* StackView+Extensions.swift in Sources */ = {isa = PBXBuildFile; fileRef = C67FEF7428AD3A6100E53095 /* StackView+Extensions.swift */; };
		C681E7FE28AFA86C00AB9F10 /* StatisticsViewController.swift in Sources */ = {isa = PBXBuildFile; fileRef = C681E7FD28AFA86C00AB9F10 /* StatisticsViewController.swift */; };
		C681E80028AFF2F000AB9F10 /* BRLabel.swift in Sources */ = {isa = PBXBuildFile; fileRef = C681E7FF28AFF2F000AB9F10 /* BRLabel.swift */; };
		C681E80328AFFD1400AB9F10 /* Charts in Frameworks */ = {isa = PBXBuildFile; productRef = C681E80228AFFD1400AB9F10 /* Charts */; };
		C6A1F37D28A92F20000F3A56 /* TabBarViewController.swift in Sources */ = {isa = PBXBuildFile; fileRef = C6A1F37C28A92F20000F3A56 /* TabBarViewController.swift */; };
		C6A1F37F28A92FEF000F3A56 /* SettingsViewController.swift in Sources */ = {isa = PBXBuildFile; fileRef = C6A1F37E28A92FEF000F3A56 /* SettingsViewController.swift */; };
		C6AD09912880242B004AF0DD /* CategoriesViewController.swift in Sources */ = {isa = PBXBuildFile; fileRef = C6AD09902880242B004AF0DD /* CategoriesViewController.swift */; };
		C6AD09932880360A004AF0DD /* UIViewController+Extensions.swift in Sources */ = {isa = PBXBuildFile; fileRef = C6AD09922880360A004AF0DD /* UIViewController+Extensions.swift */; };
		C6AD0997288039C8004AF0DD /* CategoriesTableViewCell.swift in Sources */ = {isa = PBXBuildFile; fileRef = C6AD0996288039C8004AF0DD /* CategoriesTableViewCell.swift */; };
		C6B1E8E42875C406006B067D /* UIView+Extensions.swift in Sources */ = {isa = PBXBuildFile; fileRef = C6B1E8E32875C406006B067D /* UIView+Extensions.swift */; };
		C6CBE82328707458007D1F95 /* KeyCenter.swift in Sources */ = {isa = PBXBuildFile; fileRef = C6CBE82228707458007D1F95 /* KeyCenter.swift */; };
/* End PBXBuildFile section */

/* Begin PBXFileReference section */
		C6098F37287B027100AF1CDD /* String+Extensions.swift */ = {isa = PBXFileReference; lastKnownFileType = sourcecode.swift; path = "String+Extensions.swift"; sourceTree = "<group>"; };
		C61DCD1C28770E79007E5EBE /* NetworkManger.swift */ = {isa = PBXFileReference; lastKnownFileType = sourcecode.swift; path = NetworkManger.swift; sourceTree = "<group>"; };
		C6301471286F11F900128576 /* DebateMaster.app */ = {isa = PBXFileReference; explicitFileType = wrapper.application; includeInIndex = 0; path = DebateMaster.app; sourceTree = BUILT_PRODUCTS_DIR; };
		C6301474286F11F900128576 /* AppDelegate.swift */ = {isa = PBXFileReference; lastKnownFileType = sourcecode.swift; path = AppDelegate.swift; sourceTree = "<group>"; };
		C6301476286F11F900128576 /* SceneDelegate.swift */ = {isa = PBXFileReference; lastKnownFileType = sourcecode.swift; path = SceneDelegate.swift; sourceTree = "<group>"; };
		C6301478286F11F900128576 /* RoomViewController.swift */ = {isa = PBXFileReference; lastKnownFileType = sourcecode.swift; path = RoomViewController.swift; sourceTree = "<group>"; };
		C630147D286F11FB00128576 /* Assets.xcassets */ = {isa = PBXFileReference; lastKnownFileType = folder.assetcatalog; path = Assets.xcassets; sourceTree = "<group>"; };
		C6301480286F11FB00128576 /* Base */ = {isa = PBXFileReference; lastKnownFileType = file.storyboard; name = Base; path = Base.lproj/LaunchScreen.storyboard; sourceTree = "<group>"; };
		C6301482286F11FB00128576 /* Info.plist */ = {isa = PBXFileReference; lastKnownFileType = text.plist.xml; path = Info.plist; sourceTree = "<group>"; };
		C634FE5428AC2607002E734B /* SettingsModel.swift */ = {isa = PBXFileReference; lastKnownFileType = sourcecode.swift; path = SettingsModel.swift; sourceTree = "<group>"; };
		C634FE5628AC2964002E734B /* SettingsTableViewCell.swift */ = {isa = PBXFileReference; lastKnownFileType = sourcecode.swift; path = SettingsTableViewCell.swift; sourceTree = "<group>"; };
		C63804622882C7BC0028B6D5 /* LoadingViewController.swift */ = {isa = PBXFileReference; lastKnownFileType = sourcecode.swift; path = LoadingViewController.swift; sourceTree = "<group>"; };
		C63905F02872583900AE11C5 /* FrameModel.swift */ = {isa = PBXFileReference; lastKnownFileType = sourcecode.swift; path = FrameModel.swift; sourceTree = "<group>"; };
		C6561A8528873D1400F96160 /* Constants.swift */ = {isa = PBXFileReference; lastKnownFileType = sourcecode.swift; path = Constants.swift; sourceTree = "<group>"; };
		C6561A8728873EE600F96160 /* RoomModel.swift */ = {isa = PBXFileReference; lastKnownFileType = sourcecode.swift; path = RoomModel.swift; sourceTree = "<group>"; };
		C65F1FCA289075CE003DD331 /* LoginViewController.swift */ = {isa = PBXFileReference; lastKnownFileType = sourcecode.swift; path = LoginViewController.swift; sourceTree = "<group>"; };
		C67962FF28942E4F003E179F /* UserModel.swift */ = {isa = PBXFileReference; lastKnownFileType = sourcecode.swift; path = UserModel.swift; sourceTree = "<group>"; };
		C67F68352896CA9B005F1D67 /* KeyChain.swift */ = {isa = PBXFileReference; lastKnownFileType = sourcecode.swift; path = KeyChain.swift; sourceTree = "<group>"; };
		C67FEF7428AD3A6100E53095 /* StackView+Extensions.swift */ = {isa = PBXFileReference; lastKnownFileType = sourcecode.swift; path = "StackView+Extensions.swift"; sourceTree = "<group>"; };
		C681E7FD28AFA86C00AB9F10 /* StatisticsViewController.swift */ = {isa = PBXFileReference; lastKnownFileType = sourcecode.swift; path = StatisticsViewController.swift; sourceTree = "<group>"; };
		C681E7FF28AFF2F000AB9F10 /* BRLabel.swift */ = {isa = PBXFileReference; lastKnownFileType = sourcecode.swift; path = BRLabel.swift; sourceTree = "<group>"; };
		C6A1F37C28A92F20000F3A56 /* TabBarViewController.swift */ = {isa = PBXFileReference; lastKnownFileType = sourcecode.swift; path = TabBarViewController.swift; sourceTree = "<group>"; };
		C6A1F37E28A92FEF000F3A56 /* SettingsViewController.swift */ = {isa = PBXFileReference; lastKnownFileType = sourcecode.swift; path = SettingsViewController.swift; sourceTree = "<group>"; };
		C6AD09902880242B004AF0DD /* CategoriesViewController.swift */ = {isa = PBXFileReference; lastKnownFileType = sourcecode.swift; path = CategoriesViewController.swift; sourceTree = "<group>"; };
		C6AD09922880360A004AF0DD /* UIViewController+Extensions.swift */ = {isa = PBXFileReference; lastKnownFileType = sourcecode.swift; path = "UIViewController+Extensions.swift"; sourceTree = "<group>"; };
		C6AD0996288039C8004AF0DD /* CategoriesTableViewCell.swift */ = {isa = PBXFileReference; lastKnownFileType = sourcecode.swift; path = CategoriesTableViewCell.swift; sourceTree = "<group>"; };
		C6B1E8E32875C406006B067D /* UIView+Extensions.swift */ = {isa = PBXFileReference; lastKnownFileType = sourcecode.swift; path = "UIView+Extensions.swift"; sourceTree = "<group>"; };
		C6CBE82228707458007D1F95 /* KeyCenter.swift */ = {isa = PBXFileReference; lastKnownFileType = sourcecode.swift; path = KeyCenter.swift; sourceTree = "<group>"; };
/* End PBXFileReference section */

/* Begin PBXFrameworksBuildPhase section */
		C630146E286F11F900128576 /* Frameworks */ = {
			isa = PBXFrameworksBuildPhase;
			buildActionMask = 2147483647;
			files = (
				C681E80328AFFD1400AB9F10 /* Charts in Frameworks */,
				C6301492286F126F00128576 /* ROIEnc in Frameworks */,
				C630148C286F126F00128576 /* AV1Dec in Frameworks */,
				C630149C286F126F00128576 /* VideoPreprocess in Frameworks */,
				C6301494286F126F00128576 /* ReplayKit in Frameworks */,
				C6301496286F126F00128576 /* RtcBasic in Frameworks */,
				C6301498286F126F00128576 /* SpatialAudio in Frameworks */,
				C6301490286F126F00128576 /* FullAudioFormat in Frameworks */,
				C630149A286F126F00128576 /* SuperResolution in Frameworks */,
				C634FE5328ABB934002E734B /* NVActivityIndicatorView in Frameworks */,
				C630148A286F126F00128576 /* AINS in Frameworks */,
				C630149E286F126F00128576 /* VirtualBackground in Frameworks */,
				C630148E286F126F00128576 /* ContentInspect in Frameworks */,
			);
			runOnlyForDeploymentPostprocessing = 0;
		};
/* End PBXFrameworksBuildPhase section */

/* Begin PBXGroup section */
		C6301468286F11F900128576 = {
			isa = PBXGroup;
			children = (
				C6301473286F11F900128576 /* DebateMaster */,
				C6301472286F11F900128576 /* Products */,
			);
			sourceTree = "<group>";
		};
		C6301472286F11F900128576 /* Products */ = {
			isa = PBXGroup;
			children = (
				C6301471286F11F900128576 /* DebateMaster.app */,
			);
			name = Products;
			sourceTree = "<group>";
		};
		C6301473286F11F900128576 /* DebateMaster */ = {
			isa = PBXGroup;
			children = (
				C63905F22872623800AE11C5 /* Resources */,
				C66A7365287EB30A00BFD79A /* Managers */,
				C6B1E8E22875C3FC006B067D /* Utils */,
				C63905F42872624F00AE11C5 /* Models */,
				C63905F52872626200AE11C5 /* Views */,
				C63905F32872624600AE11C5 /* Controllers */,
				C6301482286F11FB00128576 /* Info.plist */,
			);
			path = DebateMaster;
			sourceTree = "<group>";
		};
		C63905F22872623800AE11C5 /* Resources */ = {
			isa = PBXGroup;
			children = (
				C65F1FC92890756D003DD331 /* Agora */,
				C630147D286F11FB00128576 /* Assets.xcassets */,
				C630147F286F11FB00128576 /* LaunchScreen.storyboard */,
				C6301476286F11F900128576 /* SceneDelegate.swift */,
				C6301474286F11F900128576 /* AppDelegate.swift */,
			);
			path = Resources;
			sourceTree = "<group>";
		};
		C63905F32872624600AE11C5 /* Controllers */ = {
			isa = PBXGroup;
			children = (
				C6301478286F11F900128576 /* RoomViewController.swift */,
				C6AD09902880242B004AF0DD /* CategoriesViewController.swift */,
				C63804622882C7BC0028B6D5 /* LoadingViewController.swift */,
				C65F1FCA289075CE003DD331 /* LoginViewController.swift */,
				C6A1F37C28A92F20000F3A56 /* TabBarViewController.swift */,
				C6A1F37E28A92FEF000F3A56 /* SettingsViewController.swift */,
				C681E7FD28AFA86C00AB9F10 /* StatisticsViewController.swift */,
			);
			path = Controllers;
			sourceTree = "<group>";
		};
		C63905F42872624F00AE11C5 /* Models */ = {
			isa = PBXGroup;
			children = (
				C63905F02872583900AE11C5 /* FrameModel.swift */,
				C6561A8728873EE600F96160 /* RoomModel.swift */,
				C67962FF28942E4F003E179F /* UserModel.swift */,
				C634FE5428AC2607002E734B /* SettingsModel.swift */,
			);
			path = Models;
			sourceTree = "<group>";
		};
		C63905F52872626200AE11C5 /* Views */ = {
			isa = PBXGroup;
			children = (
				C6AD0996288039C8004AF0DD /* CategoriesTableViewCell.swift */,
				C634FE5628AC2964002E734B /* SettingsTableViewCell.swift */,
				C681E7FF28AFF2F000AB9F10 /* BRLabel.swift */,
			);
			path = Views;
			sourceTree = "<group>";
		};
		C65F1FC92890756D003DD331 /* Agora */ = {
			isa = PBXGroup;
			children = (
				C6CBE82228707458007D1F95 /* KeyCenter.swift */,
			);
			path = Agora;
			sourceTree = "<group>";
		};
		C66A7365287EB30A00BFD79A /* Managers */ = {
			isa = PBXGroup;
			children = (
				C61DCD1C28770E79007E5EBE /* NetworkManger.swift */,
			);
			path = Managers;
			sourceTree = "<group>";
		};
		C6B1E8E22875C3FC006B067D /* Utils */ = {
			isa = PBXGroup;
			children = (
				C6B1E8E32875C406006B067D /* UIView+Extensions.swift */,
				C6AD09922880360A004AF0DD /* UIViewController+Extensions.swift */,
				C6098F37287B027100AF1CDD /* String+Extensions.swift */,
				C6561A8528873D1400F96160 /* Constants.swift */,
				C67F68352896CA9B005F1D67 /* KeyChain.swift */,
				C67FEF7428AD3A6100E53095 /* StackView+Extensions.swift */,
			);
			path = Utils;
			sourceTree = "<group>";
		};
/* End PBXGroup section */

/* Begin PBXNativeTarget section */
		C6301470286F11F900128576 /* DebateMaster */ = {
			isa = PBXNativeTarget;
			buildConfigurationList = C6301485286F11FB00128576 /* Build configuration list for PBXNativeTarget "DebateMaster" */;
			buildPhases = (
				C630146D286F11F900128576 /* Sources */,
				C630146E286F11F900128576 /* Frameworks */,
				C630146F286F11F900128576 /* Resources */,
			);
			buildRules = (
			);
			dependencies = (
			);
			name = DebateMaster;
			packageProductDependencies = (
				C6301489286F126F00128576 /* AINS */,
				C630148B286F126F00128576 /* AV1Dec */,
				C630148D286F126F00128576 /* ContentInspect */,
				C630148F286F126F00128576 /* FullAudioFormat */,
				C6301491286F126F00128576 /* ROIEnc */,
				C6301493286F126F00128576 /* ReplayKit */,
				C6301495286F126F00128576 /* RtcBasic */,
				C6301497286F126F00128576 /* SpatialAudio */,
				C6301499286F126F00128576 /* SuperResolution */,
				C630149B286F126F00128576 /* VideoPreprocess */,
				C630149D286F126F00128576 /* VirtualBackground */,
				C634FE5228ABB934002E734B /* NVActivityIndicatorView */,
				C681E80228AFFD1400AB9F10 /* Charts */,
			);
			productName = DebateMaster;
			productReference = C6301471286F11F900128576 /* DebateMaster.app */;
			productType = "com.apple.product-type.application";
		};
/* End PBXNativeTarget section */

/* Begin PBXProject section */
		C6301469286F11F900128576 /* Project object */ = {
			isa = PBXProject;
			attributes = {
				BuildIndependentTargetsInParallel = 1;
				LastSwiftUpdateCheck = 1340;
				LastUpgradeCheck = 1340;
				TargetAttributes = {
					C6301470286F11F900128576 = {
						CreatedOnToolsVersion = 13.4.1;
					};
				};
			};
			buildConfigurationList = C630146C286F11F900128576 /* Build configuration list for PBXProject "DebateMaster" */;
			compatibilityVersion = "Xcode 13.0";
			developmentRegion = en;
			hasScannedForEncodings = 0;
			knownRegions = (
				en,
				Base,
			);
			mainGroup = C6301468286F11F900128576;
			packageReferences = (
				C6301488286F126F00128576 /* XCRemoteSwiftPackageReference "AgoraRtcEngine_iOS" */,
				C634FE5128ABB934002E734B /* XCRemoteSwiftPackageReference "NVActivityIndicatorView" */,
				C681E80128AFFD1400AB9F10 /* XCRemoteSwiftPackageReference "Charts" */,
			);
			productRefGroup = C6301472286F11F900128576 /* Products */;
			projectDirPath = "";
			projectRoot = "";
			targets = (
				C6301470286F11F900128576 /* DebateMaster */,
			);
		};
/* End PBXProject section */

/* Begin PBXResourcesBuildPhase section */
		C630146F286F11F900128576 /* Resources */ = {
			isa = PBXResourcesBuildPhase;
			buildActionMask = 2147483647;
			files = (
				C6301481286F11FB00128576 /* LaunchScreen.storyboard in Resources */,
				C630147E286F11FB00128576 /* Assets.xcassets in Resources */,
			);
			runOnlyForDeploymentPostprocessing = 0;
		};
/* End PBXResourcesBuildPhase section */

/* Begin PBXSourcesBuildPhase section */
		C630146D286F11F900128576 /* Sources */ = {
			isa = PBXSourcesBuildPhase;
			buildActionMask = 2147483647;
			files = (
				C6B1E8E42875C406006B067D /* UIView+Extensions.swift in Sources */,
				C67FEF7528AD3A6100E53095 /* StackView+Extensions.swift in Sources */,
				C634FE5528AC2607002E734B /* SettingsModel.swift in Sources */,
				C6301479286F11F900128576 /* RoomViewController.swift in Sources */,
				C6A1F37D28A92F20000F3A56 /* TabBarViewController.swift in Sources */,
				C6A1F37F28A92FEF000F3A56 /* SettingsViewController.swift in Sources */,
				C63905F12872583900AE11C5 /* FrameModel.swift in Sources */,
				C6561A8628873D1400F96160 /* Constants.swift in Sources */,
				C6AD09912880242B004AF0DD /* CategoriesViewController.swift in Sources */,
				C6098F38287B027100AF1CDD /* String+Extensions.swift in Sources */,
				C6561A8828873EE600F96160 /* RoomModel.swift in Sources */,
				C63804632882C7BC0028B6D5 /* LoadingViewController.swift in Sources */,
				C681E80028AFF2F000AB9F10 /* BRLabel.swift in Sources */,
				C67F68362896CA9B005F1D67 /* KeyChain.swift in Sources */,
				C6AD09932880360A004AF0DD /* UIViewController+Extensions.swift in Sources */,
				C681E7FE28AFA86C00AB9F10 /* StatisticsViewController.swift in Sources */,
				C61DCD1D28770E79007E5EBE /* NetworkManger.swift in Sources */,
				C6301475286F11F900128576 /* AppDelegate.swift in Sources */,
				C65F1FCB289075CE003DD331 /* LoginViewController.swift in Sources */,
				C6CBE82328707458007D1F95 /* KeyCenter.swift in Sources */,
				C6AD0997288039C8004AF0DD /* CategoriesTableViewCell.swift in Sources */,
				C634FE5728AC2964002E734B /* SettingsTableViewCell.swift in Sources */,
				C6301477286F11F900128576 /* SceneDelegate.swift in Sources */,
				C679630028942E4F003E179F /* UserModel.swift in Sources */,
			);
			runOnlyForDeploymentPostprocessing = 0;
		};
/* End PBXSourcesBuildPhase section */

/* Begin PBXVariantGroup section */
		C630147F286F11FB00128576 /* LaunchScreen.storyboard */ = {
			isa = PBXVariantGroup;
			children = (
				C6301480286F11FB00128576 /* Base */,
			);
			name = LaunchScreen.storyboard;
			sourceTree = "<group>";
		};
/* End PBXVariantGroup section */

/* Begin XCBuildConfiguration section */
		C6301483286F11FB00128576 /* Debug */ = {
			isa = XCBuildConfiguration;
			buildSettings = {
				ALWAYS_SEARCH_USER_PATHS = NO;
				CLANG_ANALYZER_NONNULL = YES;
				CLANG_ANALYZER_NUMBER_OBJECT_CONVERSION = YES_AGGRESSIVE;
				CLANG_CXX_LANGUAGE_STANDARD = "gnu++17";
				CLANG_ENABLE_MODULES = YES;
				CLANG_ENABLE_OBJC_ARC = YES;
				CLANG_ENABLE_OBJC_WEAK = YES;
				CLANG_WARN_BLOCK_CAPTURE_AUTORELEASING = YES;
				CLANG_WARN_BOOL_CONVERSION = YES;
				CLANG_WARN_COMMA = YES;
				CLANG_WARN_CONSTANT_CONVERSION = YES;
				CLANG_WARN_DEPRECATED_OBJC_IMPLEMENTATIONS = YES;
				CLANG_WARN_DIRECT_OBJC_ISA_USAGE = YES_ERROR;
				CLANG_WARN_DOCUMENTATION_COMMENTS = YES;
				CLANG_WARN_EMPTY_BODY = YES;
				CLANG_WARN_ENUM_CONVERSION = YES;
				CLANG_WARN_INFINITE_RECURSION = YES;
				CLANG_WARN_INT_CONVERSION = YES;
				CLANG_WARN_NON_LITERAL_NULL_CONVERSION = YES;
				CLANG_WARN_OBJC_IMPLICIT_RETAIN_SELF = YES;
				CLANG_WARN_OBJC_LITERAL_CONVERSION = YES;
				CLANG_WARN_OBJC_ROOT_CLASS = YES_ERROR;
				CLANG_WARN_QUOTED_INCLUDE_IN_FRAMEWORK_HEADER = YES;
				CLANG_WARN_RANGE_LOOP_ANALYSIS = YES;
				CLANG_WARN_STRICT_PROTOTYPES = YES;
				CLANG_WARN_SUSPICIOUS_MOVE = YES;
				CLANG_WARN_UNGUARDED_AVAILABILITY = YES_AGGRESSIVE;
				CLANG_WARN_UNREACHABLE_CODE = YES;
				CLANG_WARN__DUPLICATE_METHOD_MATCH = YES;
				COPY_PHASE_STRIP = NO;
				DEBUG_INFORMATION_FORMAT = dwarf;
				ENABLE_STRICT_OBJC_MSGSEND = YES;
				ENABLE_TESTABILITY = YES;
				GCC_C_LANGUAGE_STANDARD = gnu11;
				GCC_DYNAMIC_NO_PIC = NO;
				GCC_NO_COMMON_BLOCKS = YES;
				GCC_OPTIMIZATION_LEVEL = 0;
				GCC_PREPROCESSOR_DEFINITIONS = (
					"DEBUG=1",
					"$(inherited)",
				);
				GCC_WARN_64_TO_32_BIT_CONVERSION = YES;
				GCC_WARN_ABOUT_RETURN_TYPE = YES_ERROR;
				GCC_WARN_UNDECLARED_SELECTOR = YES;
				GCC_WARN_UNINITIALIZED_AUTOS = YES_AGGRESSIVE;
				GCC_WARN_UNUSED_FUNCTION = YES;
				GCC_WARN_UNUSED_VARIABLE = YES;
				IPHONEOS_DEPLOYMENT_TARGET = 15.5;
				MTL_ENABLE_DEBUG_INFO = INCLUDE_SOURCE;
				MTL_FAST_MATH = YES;
				ONLY_ACTIVE_ARCH = YES;
				SDKROOT = iphoneos;
				SWIFT_ACTIVE_COMPILATION_CONDITIONS = DEBUG;
				SWIFT_OPTIMIZATION_LEVEL = "-Onone";
			};
			name = Debug;
		};
		C6301484286F11FB00128576 /* Release */ = {
			isa = XCBuildConfiguration;
			buildSettings = {
				ALWAYS_SEARCH_USER_PATHS = NO;
				CLANG_ANALYZER_NONNULL = YES;
				CLANG_ANALYZER_NUMBER_OBJECT_CONVERSION = YES_AGGRESSIVE;
				CLANG_CXX_LANGUAGE_STANDARD = "gnu++17";
				CLANG_ENABLE_MODULES = YES;
				CLANG_ENABLE_OBJC_ARC = YES;
				CLANG_ENABLE_OBJC_WEAK = YES;
				CLANG_WARN_BLOCK_CAPTURE_AUTORELEASING = YES;
				CLANG_WARN_BOOL_CONVERSION = YES;
				CLANG_WARN_COMMA = YES;
				CLANG_WARN_CONSTANT_CONVERSION = YES;
				CLANG_WARN_DEPRECATED_OBJC_IMPLEMENTATIONS = YES;
				CLANG_WARN_DIRECT_OBJC_ISA_USAGE = YES_ERROR;
				CLANG_WARN_DOCUMENTATION_COMMENTS = YES;
				CLANG_WARN_EMPTY_BODY = YES;
				CLANG_WARN_ENUM_CONVERSION = YES;
				CLANG_WARN_INFINITE_RECURSION = YES;
				CLANG_WARN_INT_CONVERSION = YES;
				CLANG_WARN_NON_LITERAL_NULL_CONVERSION = YES;
				CLANG_WARN_OBJC_IMPLICIT_RETAIN_SELF = YES;
				CLANG_WARN_OBJC_LITERAL_CONVERSION = YES;
				CLANG_WARN_OBJC_ROOT_CLASS = YES_ERROR;
				CLANG_WARN_QUOTED_INCLUDE_IN_FRAMEWORK_HEADER = YES;
				CLANG_WARN_RANGE_LOOP_ANALYSIS = YES;
				CLANG_WARN_STRICT_PROTOTYPES = YES;
				CLANG_WARN_SUSPICIOUS_MOVE = YES;
				CLANG_WARN_UNGUARDED_AVAILABILITY = YES_AGGRESSIVE;
				CLANG_WARN_UNREACHABLE_CODE = YES;
				CLANG_WARN__DUPLICATE_METHOD_MATCH = YES;
				COPY_PHASE_STRIP = NO;
				DEBUG_INFORMATION_FORMAT = "dwarf-with-dsym";
				ENABLE_NS_ASSERTIONS = NO;
				ENABLE_STRICT_OBJC_MSGSEND = YES;
				GCC_C_LANGUAGE_STANDARD = gnu11;
				GCC_NO_COMMON_BLOCKS = YES;
				GCC_WARN_64_TO_32_BIT_CONVERSION = YES;
				GCC_WARN_ABOUT_RETURN_TYPE = YES_ERROR;
				GCC_WARN_UNDECLARED_SELECTOR = YES;
				GCC_WARN_UNINITIALIZED_AUTOS = YES_AGGRESSIVE;
				GCC_WARN_UNUSED_FUNCTION = YES;
				GCC_WARN_UNUSED_VARIABLE = YES;
				IPHONEOS_DEPLOYMENT_TARGET = 15.5;
				MTL_ENABLE_DEBUG_INFO = NO;
				MTL_FAST_MATH = YES;
				SDKROOT = iphoneos;
				SWIFT_COMPILATION_MODE = wholemodule;
				SWIFT_OPTIMIZATION_LEVEL = "-O";
				VALIDATE_PRODUCT = YES;
			};
			name = Release;
		};
		C6301486286F11FB00128576 /* Debug */ = {
			isa = XCBuildConfiguration;
			buildSettings = {
				ASSETCATALOG_COMPILER_APPICON_NAME = AppIcon;
				ASSETCATALOG_COMPILER_GLOBAL_ACCENT_COLOR_NAME = AccentColor;
				CODE_SIGN_STYLE = Automatic;
				CURRENT_PROJECT_VERSION = 1;
				DEVELOPMENT_TEAM = 6BKFLFKXC4;
				GENERATE_INFOPLIST_FILE = YES;
				INFOPLIST_FILE = DebateMaster/Info.plist;
				INFOPLIST_KEY_NSCameraUsageDescription = "We need your camera";
				INFOPLIST_KEY_NSMicrophoneUsageDescription = "We need your microphone";
				INFOPLIST_KEY_UIApplicationSupportsIndirectInputEvents = YES;
				INFOPLIST_KEY_UILaunchStoryboardName = LaunchScreen;
				INFOPLIST_KEY_UISupportedInterfaceOrientations = UIInterfaceOrientationPortrait;
				INFOPLIST_KEY_UISupportedInterfaceOrientations_iPad = "UIInterfaceOrientationPortrait UIInterfaceOrientationPortraitUpsideDown UIInterfaceOrientationLandscapeLeft UIInterfaceOrientationLandscapeRight";
				INFOPLIST_KEY_UISupportedInterfaceOrientations_iPhone = "UIInterfaceOrientationPortrait UIInterfaceOrientationLandscapeLeft UIInterfaceOrientationLandscapeRight";
				INFOPLIST_KEY_UIUserInterfaceStyle = Dark;
				LD_RUNPATH_SEARCH_PATHS = (
					"$(inherited)",
					"@executable_path/Frameworks",
				);
				MARKETING_VERSION = 1.0;
				PRODUCT_BUNDLE_IDENTIFIER = com.nitsanasraf.DebateMaster;
				PRODUCT_NAME = "$(TARGET_NAME)";
				SWIFT_EMIT_LOC_STRINGS = YES;
				SWIFT_VERSION = 5.0;
				TARGETED_DEVICE_FAMILY = "1,2";
			};
			name = Debug;
		};
		C6301487286F11FB00128576 /* Release */ = {
			isa = XCBuildConfiguration;
			buildSettings = {
				ASSETCATALOG_COMPILER_APPICON_NAME = AppIcon;
				ASSETCATALOG_COMPILER_GLOBAL_ACCENT_COLOR_NAME = AccentColor;
				CODE_SIGN_STYLE = Automatic;
				CURRENT_PROJECT_VERSION = 1;
				DEVELOPMENT_TEAM = 6BKFLFKXC4;
				GENERATE_INFOPLIST_FILE = YES;
				INFOPLIST_FILE = DebateMaster/Info.plist;
				INFOPLIST_KEY_NSCameraUsageDescription = "We need your camera";
				INFOPLIST_KEY_NSMicrophoneUsageDescription = "We need your microphone";
				INFOPLIST_KEY_UIApplicationSupportsIndirectInputEvents = YES;
				INFOPLIST_KEY_UILaunchStoryboardName = LaunchScreen;
				INFOPLIST_KEY_UISupportedInterfaceOrientations = UIInterfaceOrientationPortrait;
				INFOPLIST_KEY_UISupportedInterfaceOrientations_iPad = "UIInterfaceOrientationPortrait UIInterfaceOrientationPortraitUpsideDown UIInterfaceOrientationLandscapeLeft UIInterfaceOrientationLandscapeRight";
				INFOPLIST_KEY_UISupportedInterfaceOrientations_iPhone = "UIInterfaceOrientationPortrait UIInterfaceOrientationLandscapeLeft UIInterfaceOrientationLandscapeRight";
				INFOPLIST_KEY_UIUserInterfaceStyle = Dark;
				LD_RUNPATH_SEARCH_PATHS = (
					"$(inherited)",
					"@executable_path/Frameworks",
				);
				MARKETING_VERSION = 1.0;
				PRODUCT_BUNDLE_IDENTIFIER = com.nitsanasraf.DebateMaster;
				PRODUCT_NAME = "$(TARGET_NAME)";
				SWIFT_EMIT_LOC_STRINGS = YES;
				SWIFT_VERSION = 5.0;
				TARGETED_DEVICE_FAMILY = "1,2";
			};
			name = Release;
		};
/* End XCBuildConfiguration section */

/* Begin XCConfigurationList section */
		C630146C286F11F900128576 /* Build configuration list for PBXProject "DebateMaster" */ = {
			isa = XCConfigurationList;
			buildConfigurations = (
				C6301483286F11FB00128576 /* Debug */,
				C6301484286F11FB00128576 /* Release */,
			);
			defaultConfigurationIsVisible = 0;
			defaultConfigurationName = Release;
		};
		C6301485286F11FB00128576 /* Build configuration list for PBXNativeTarget "DebateMaster" */ = {
			isa = XCConfigurationList;
			buildConfigurations = (
				C6301486286F11FB00128576 /* Debug */,
				C6301487286F11FB00128576 /* Release */,
			);
			defaultConfigurationIsVisible = 0;
			defaultConfigurationName = Release;
		};
/* End XCConfigurationList section */

/* Begin XCRemoteSwiftPackageReference section */
		C6301488286F126F00128576 /* XCRemoteSwiftPackageReference "AgoraRtcEngine_iOS" */ = {
			isa = XCRemoteSwiftPackageReference;
			repositoryURL = "https://github.com/AgoraIO/AgoraRtcEngine_iOS.git";
			requirement = {
				kind = upToNextMajorVersion;
				minimumVersion = 3.0.0;
			};
		};
		C634FE5128ABB934002E734B /* XCRemoteSwiftPackageReference "NVActivityIndicatorView" */ = {
			isa = XCRemoteSwiftPackageReference;
			repositoryURL = "https://github.com/ninjaprox/NVActivityIndicatorView";
			requirement = {
				kind = upToNextMajorVersion;
				minimumVersion = 5.0.0;
			};
		};
		C681E80128AFFD1400AB9F10 /* XCRemoteSwiftPackageReference "Charts" */ = {
			isa = XCRemoteSwiftPackageReference;
			repositoryURL = "https://github.com/danielgindi/Charts";
			requirement = {
				kind = upToNextMajorVersion;
				minimumVersion = 3.0.0;
			};
		};
/* End XCRemoteSwiftPackageReference section */

/* Begin XCSwiftPackageProductDependency section */
		C6301489286F126F00128576 /* AINS */ = {
			isa = XCSwiftPackageProductDependency;
			package = C6301488286F126F00128576 /* XCRemoteSwiftPackageReference "AgoraRtcEngine_iOS" */;
			productName = AINS;
		};
		C630148B286F126F00128576 /* AV1Dec */ = {
			isa = XCSwiftPackageProductDependency;
			package = C6301488286F126F00128576 /* XCRemoteSwiftPackageReference "AgoraRtcEngine_iOS" */;
			productName = AV1Dec;
		};
		C630148D286F126F00128576 /* ContentInspect */ = {
			isa = XCSwiftPackageProductDependency;
			package = C6301488286F126F00128576 /* XCRemoteSwiftPackageReference "AgoraRtcEngine_iOS" */;
			productName = ContentInspect;
		};
		C630148F286F126F00128576 /* FullAudioFormat */ = {
			isa = XCSwiftPackageProductDependency;
			package = C6301488286F126F00128576 /* XCRemoteSwiftPackageReference "AgoraRtcEngine_iOS" */;
			productName = FullAudioFormat;
		};
		C6301491286F126F00128576 /* ROIEnc */ = {
			isa = XCSwiftPackageProductDependency;
			package = C6301488286F126F00128576 /* XCRemoteSwiftPackageReference "AgoraRtcEngine_iOS" */;
			productName = ROIEnc;
		};
		C6301493286F126F00128576 /* ReplayKit */ = {
			isa = XCSwiftPackageProductDependency;
			package = C6301488286F126F00128576 /* XCRemoteSwiftPackageReference "AgoraRtcEngine_iOS" */;
			productName = ReplayKit;
		};
		C6301495286F126F00128576 /* RtcBasic */ = {
			isa = XCSwiftPackageProductDependency;
			package = C6301488286F126F00128576 /* XCRemoteSwiftPackageReference "AgoraRtcEngine_iOS" */;
			productName = RtcBasic;
		};
		C6301497286F126F00128576 /* SpatialAudio */ = {
			isa = XCSwiftPackageProductDependency;
			package = C6301488286F126F00128576 /* XCRemoteSwiftPackageReference "AgoraRtcEngine_iOS" */;
			productName = SpatialAudio;
		};
		C6301499286F126F00128576 /* SuperResolution */ = {
			isa = XCSwiftPackageProductDependency;
			package = C6301488286F126F00128576 /* XCRemoteSwiftPackageReference "AgoraRtcEngine_iOS" */;
			productName = SuperResolution;
		};
		C630149B286F126F00128576 /* VideoPreprocess */ = {
			isa = XCSwiftPackageProductDependency;
			package = C6301488286F126F00128576 /* XCRemoteSwiftPackageReference "AgoraRtcEngine_iOS" */;
			productName = VideoPreprocess;
		};
		C630149D286F126F00128576 /* VirtualBackground */ = {
			isa = XCSwiftPackageProductDependency;
			package = C6301488286F126F00128576 /* XCRemoteSwiftPackageReference "AgoraRtcEngine_iOS" */;
			productName = VirtualBackground;
		};
		C634FE5228ABB934002E734B /* NVActivityIndicatorView */ = {
			isa = XCSwiftPackageProductDependency;
			package = C634FE5128ABB934002E734B /* XCRemoteSwiftPackageReference "NVActivityIndicatorView" */;
			productName = NVActivityIndicatorView;
		};
		C681E80228AFFD1400AB9F10 /* Charts */ = {
			isa = XCSwiftPackageProductDependency;
			package = C681E80128AFFD1400AB9F10 /* XCRemoteSwiftPackageReference "Charts" */;
			productName = Charts;
		};
/* End XCSwiftPackageProductDependency section */
	};
	rootObject = C6301469286F11F900128576 /* Project object */;
}
