{
  "pins" : [
    {
      "identity" : "agorartcengine_ios",
      "kind" : "remoteSourceControl",
      "location" : "https://github.com/AgoraIO/AgoraRtcEngine_iOS.git",
      "state" : {
        "revision" : "7cce4dcc6ff7471473195c6ccb5b0aa2a6d5ba42",
        "version" : "3.7.0"
      }
    }
  ],
  "version" : 2
}
